// !$*UTF8*$!
{
	archiveVersion = 1;
	classes = {
	};
	objectVersion = 50;
	objects = {

/* Begin PBXBuildFile section */
		9C5A5A6A23F306CB0022A7B8 /* Pizza.mlmodel in Sources */ = {isa = PBXBuildFile; fileRef = 9C5A5A6923F306CB0022A7B8 /* Pizza.mlmodel */; };
		9CA3B5E123F2F2CB00E3C460 /* Bushwick_Tarantella.mp3 in Resources */ = {isa = PBXBuildFile; fileRef = 9CA3B5E023F2F2CB00E3C460 /* Bushwick_Tarantella.mp3 */; };
		9CC6288F23EDA730006FBD06 /* CIImagePropertyOrientation.swift in Sources */ = {isa = PBXBuildFile; fileRef = 9CC6288E23EDA730006FBD06 /* CIImagePropertyOrientation.swift */; };
		9CC6289223EDA769006FBD06 /* FPSCounter.swift in Sources */ = {isa = PBXBuildFile; fileRef = 9CC6289123EDA769006FBD06 /* FPSCounter.swift */; };
		9CC6289423EDA781006FBD06 /* VideoCapture.swift in Sources */ = {isa = PBXBuildFile; fileRef = 9CC6289323EDA781006FBD06 /* VideoCapture.swift */; };
		9CF1868023E435520034A3CF /* AppDelegate.swift in Sources */ = {isa = PBXBuildFile; fileRef = 9CF1867F23E435520034A3CF /* AppDelegate.swift */; };
		9CF1868223E435520034A3CF /* SceneDelegate.swift in Sources */ = {isa = PBXBuildFile; fileRef = 9CF1868123E435520034A3CF /* SceneDelegate.swift */; };
		9CF1868423E435520034A3CF /* ImageClassificationViewController.swift in Sources */ = {isa = PBXBuildFile; fileRef = 9CF1868323E435520034A3CF /* ImageClassificationViewController.swift */; };
		9CF1868723E435520034A3CF /* Main.storyboard in Resources */ = {isa = PBXBuildFile; fileRef = 9CF1868523E435520034A3CF /* Main.storyboard */; };
		9CF1868923E435540034A3CF /* Assets.xcassets in Resources */ = {isa = PBXBuildFile; fileRef = 9CF1868823E435540034A3CF /* Assets.xcassets */; };
		9CF1868C23E435540034A3CF /* LaunchScreen.storyboard in Resources */ = {isa = PBXBuildFile; fileRef = 9CF1868A23E435540034A3CF /* LaunchScreen.storyboard */; };
/* End PBXBuildFile section */

/* Begin PBXFileReference section */
		9C5A5A6923F306CB0022A7B8 /* Pizza.mlmodel */ = {isa = PBXFileReference; lastKnownFileType = file.mlmodel; path = Pizza.mlmodel; sourceTree = "<group>"; };
		9CA3B5E023F2F2CB00E3C460 /* Bushwick_Tarantella.mp3 */ = {isa = PBXFileReference; lastKnownFileType = audio.mp3; path = Bushwick_Tarantella.mp3; sourceTree = "<group>"; };
		9CC6288E23EDA730006FBD06 /* CIImagePropertyOrientation.swift */ = {isa = PBXFileReference; lastKnownFileType = sourcecode.swift; path = CIImagePropertyOrientation.swift; sourceTree = "<group>"; };
		9CC6289123EDA769006FBD06 /* FPSCounter.swift */ = {isa = PBXFileReference; lastKnownFileType = sourcecode.swift; path = FPSCounter.swift; sourceTree = "<group>"; };
		9CC6289323EDA781006FBD06 /* VideoCapture.swift */ = {isa = PBXFileReference; lastKnownFileType = sourcecode.swift; path = VideoCapture.swift; sourceTree = "<group>"; };
		9CF1867C23E435520034A3CF /* PizzaClassifier.app */ = {isa = PBXFileReference; explicitFileType = wrapper.application; includeInIndex = 0; path = PizzaClassifier.app; sourceTree = BUILT_PRODUCTS_DIR; };
		9CF1867F23E435520034A3CF /* AppDelegate.swift */ = {isa = PBXFileReference; lastKnownFileType = sourcecode.swift; path = AppDelegate.swift; sourceTree = "<group>"; };
		9CF1868123E435520034A3CF /* SceneDelegate.swift */ = {isa = PBXFileReference; lastKnownFileType = sourcecode.swift; path = SceneDelegate.swift; sourceTree = "<group>"; };
		9CF1868323E435520034A3CF /* ImageClassificationViewController.swift */ = {isa = PBXFileReference; lastKnownFileType = sourcecode.swift; path = ImageClassificationViewController.swift; sourceTree = "<group>"; };
		9CF1868623E435520034A3CF /* Base */ = {isa = PBXFileReference; lastKnownFileType = file.storyboard; name = Base; path = Base.lproj/Main.storyboard; sourceTree = "<group>"; };
		9CF1868823E435540034A3CF /* Assets.xcassets */ = {isa = PBXFileReference; lastKnownFileType = folder.assetcatalog; path = Assets.xcassets; sourceTree = "<group>"; };
		9CF1868B23E435540034A3CF /* Base */ = {isa = PBXFileReference; lastKnownFileType = file.storyboard; name = Base; path = Base.lproj/LaunchScreen.storyboard; sourceTree = "<group>"; };
		9CF1868D23E435540034A3CF /* Info.plist */ = {isa = PBXFileReference; lastKnownFileType = text.plist.xml; path = Info.plist; sourceTree = "<group>"; };
/* End PBXFileReference section */

/* Begin PBXFrameworksBuildPhase section */
		9CF1867923E435520034A3CF /* Frameworks */ = {
			isa = PBXFrameworksBuildPhase;
			buildActionMask = 2147483647;
			files = (
			);
			runOnlyForDeploymentPostprocessing = 0;
		};
/* End PBXFrameworksBuildPhase section */

/* Begin PBXGroup section */
		9C7F49A323EEF2A00052821B /* ImageClassification */ = {
			isa = PBXGroup;
			children = (
				9C5A5A6923F306CB0022A7B8 /* Pizza.mlmodel */,
			);
			path = ImageClassification;
			sourceTree = "<group>";
		};
		9CA3B5DF23F2F2AF00E3C460 /* Sounds */ = {
			isa = PBXGroup;
			children = (
				9CA3B5E023F2F2CB00E3C460 /* Bushwick_Tarantella.mp3 */,
			);
			path = Sounds;
			sourceTree = "<group>";
		};
		9CC6288C23EDA71A006FBD06 /* Utils */ = {
			isa = PBXGroup;
			children = (
				9CA3B5DF23F2F2AF00E3C460 /* Sounds */,
				9CC6288D23EDA722006FBD06 /* Extensions */,
			);
			path = Utils;
			sourceTree = "<group>";
		};
		9CC6288D23EDA722006FBD06 /* Extensions */ = {
			isa = PBXGroup;
			children = (
				9CC6288E23EDA730006FBD06 /* CIImagePropertyOrientation.swift */,
			);
			path = Extensions;
			sourceTree = "<group>";
		};
		9CC6289023EDA75F006FBD06 /* VideoCapture */ = {
			isa = PBXGroup;
			children = (
				9CC6289323EDA781006FBD06 /* VideoCapture.swift */,
				9CC6289123EDA769006FBD06 /* FPSCounter.swift */,
			);
			path = VideoCapture;
			sourceTree = "<group>";
		};
		9CF1867323E435520034A3CF = {
			isa = PBXGroup;
			children = (
				9CF1867E23E435520034A3CF /* PizzaClassifier */,
				9CF1867D23E435520034A3CF /* Products */,
			);
			sourceTree = "<group>";
		};
		9CF1867D23E435520034A3CF /* Products */ = {
			isa = PBXGroup;
			children = (
				9CF1867C23E435520034A3CF /* PizzaClassifier.app */,
			);
			name = Products;
			sourceTree = "<group>";
		};
		9CF1867E23E435520034A3CF /* PizzaClassifier */ = {
			isa = PBXGroup;
			children = (
				9CC6288C23EDA71A006FBD06 /* Utils */,
				9CF1869323E435920034A3CF /* Model */,
				9CF1869423E435970034A3CF /* View */,
				9CF1869523E4359A0034A3CF /* Controller */,
				9CF1867F23E435520034A3CF /* AppDelegate.swift */,
				9CF1868123E435520034A3CF /* SceneDelegate.swift */,
				9CF1868D23E435540034A3CF /* Info.plist */,
			);
			path = PizzaClassifier;
			sourceTree = "<group>";
		};
		9CF1869323E435920034A3CF /* Model */ = {
			isa = PBXGroup;
			children = (
				9CC6289023EDA75F006FBD06 /* VideoCapture */,
				9CF1869623E435DB0034A3CF /* MLModels */,
			);
			path = Model;
			sourceTree = "<group>";
		};
		9CF1869423E435970034A3CF /* View */ = {
			isa = PBXGroup;
			children = (
				9CF1868523E435520034A3CF /* Main.storyboard */,
				9CF1868A23E435540034A3CF /* LaunchScreen.storyboard */,
				9CF1868823E435540034A3CF /* Assets.xcassets */,
			);
			path = View;
			sourceTree = "<group>";
		};
		9CF1869523E4359A0034A3CF /* Controller */ = {
			isa = PBXGroup;
			children = (
				9CF1868323E435520034A3CF /* ImageClassificationViewController.swift */,
			);
			path = Controller;
			sourceTree = "<group>";
		};
		9CF1869623E435DB0034A3CF /* MLModels */ = {
			isa = PBXGroup;
			children = (
				9C7F49A323EEF2A00052821B /* ImageClassification */,
			);
			path = MLModels;
			sourceTree = "<group>";
		};
/* End PBXGroup section */

/* Begin PBXNativeTarget section */
		9CF1867B23E435520034A3CF /* PizzaClassifier */ = {
			isa = PBXNativeTarget;
			buildConfigurationList = 9CF1869023E435540034A3CF /* Build configuration list for PBXNativeTarget "PizzaClassifier" */;
			buildPhases = (
				9CF1867823E435520034A3CF /* Sources */,
				9CF1867923E435520034A3CF /* Frameworks */,
				9CF1867A23E435520034A3CF /* Resources */,
			);
			buildRules = (
			);
			dependencies = (
			);
			name = PizzaClassifier;
			productName = PizzaClassifier;
			productReference = 9CF1867C23E435520034A3CF /* PizzaClassifier.app */;
			productType = "com.apple.product-type.application";
		};
/* End PBXNativeTarget section */

/* Begin PBXProject section */
		9CF1867423E435520034A3CF /* Project object */ = {
			isa = PBXProject;
			attributes = {
				LastSwiftUpdateCheck = 1120;
				LastUpgradeCheck = 1120;
				ORGANIZATIONNAME = "Antonio Chiappetta";
				TargetAttributes = {
					9CF1867B23E435520034A3CF = {
						CreatedOnToolsVersion = 11.2.1;
					};
				};
			};
			buildConfigurationList = 9CF1867723E435520034A3CF /* Build configuration list for PBXProject "PizzaClassifier" */;
			compatibilityVersion = "Xcode 9.3";
			developmentRegion = en;
			hasScannedForEncodings = 0;
			knownRegions = (
				en,
				Base,
			);
			mainGroup = 9CF1867323E435520034A3CF;
			productRefGroup = 9CF1867D23E435520034A3CF /* Products */;
			projectDirPath = "";
			projectRoot = "";
			targets = (
				9CF1867B23E435520034A3CF /* PizzaClassifier */,
			);
		};
/* End PBXProject section */

/* Begin PBXResourcesBuildPhase section */
		9CF1867A23E435520034A3CF /* Resources */ = {
			isa = PBXResourcesBuildPhase;
			buildActionMask = 2147483647;
			files = (
				9CA3B5E123F2F2CB00E3C460 /* Bushwick_Tarantella.mp3 in Resources */,
				9CF1868C23E435540034A3CF /* LaunchScreen.storyboard in Resources */,
				9CF1868923E435540034A3CF /* Assets.xcassets in Resources */,
				9CF1868723E435520034A3CF /* Main.storyboard in Resources */,
			);
			runOnlyForDeploymentPostprocessing = 0;
		};
/* End PBXResourcesBuildPhase section */

/* Begin PBXSourcesBuildPhase section */
		9CF1867823E435520034A3CF /* Sources */ = {
			isa = PBXSourcesBuildPhase;
			buildActionMask = 2147483647;
			files = (
				9CF1868423E435520034A3CF /* ImageClassificationViewController.swift in Sources */,
				9CC6289423EDA781006FBD06 /* VideoCapture.swift in Sources */,
				9C5A5A6A23F306CB0022A7B8 /* Pizza.mlmodel in Sources */,
				9CF1868023E435520034A3CF /* AppDelegate.swift in Sources */,
				9CC6288F23EDA730006FBD06 /* CIImagePropertyOrientation.swift in Sources */,
				9CF1868223E435520034A3CF /* SceneDelegate.swift in Sources */,
				9CC6289223EDA769006FBD06 /* FPSCounter.swift in Sources */,
			);
			runOnlyForDeploymentPostprocessing = 0;
		};
/* End PBXSourcesBuildPhase section */

/* Begin PBXVariantGroup section */
		9CF1868523E435520034A3CF /* Main.storyboard */ = {
			isa = PBXVariantGroup;
			children = (
				9CF1868623E435520034A3CF /* Base */,
			);
			name = Main.storyboard;
			sourceTree = "<group>";
		};
		9CF1868A23E435540034A3CF /* LaunchScreen.storyboard */ = {
			isa = PBXVariantGroup;
			children = (
				9CF1868B23E435540034A3CF /* Base */,
			);
			name = LaunchScreen.storyboard;
			sourceTree = "<group>";
		};
/* End PBXVariantGroup section */

/* Begin XCBuildConfiguration section */
		9CF1868E23E435540034A3CF /* Debug */ = {
			isa = XCBuildConfiguration;
			buildSettings = {
				ALWAYS_SEARCH_USER_PATHS = NO;
				CLANG_ANALYZER_NONNULL = YES;
				CLANG_ANALYZER_NUMBER_OBJECT_CONVERSION = YES_AGGRESSIVE;
				CLANG_CXX_LANGUAGE_STANDARD = "gnu++14";
				CLANG_CXX_LIBRARY = "libc++";
				CLANG_ENABLE_MODULES = YES;
				CLANG_ENABLE_OBJC_ARC = YES;
				CLANG_ENABLE_OBJC_WEAK = YES;
				CLANG_WARN_BLOCK_CAPTURE_AUTORELEASING = YES;
				CLANG_WARN_BOOL_CONVERSION = YES;
				CLANG_WARN_COMMA = YES;
				CLANG_WARN_CONSTANT_CONVERSION = YES;
				CLANG_WARN_DEPRECATED_OBJC_IMPLEMENTATIONS = YES;
				CLANG_WARN_DIRECT_OBJC_ISA_USAGE = YES_ERROR;
				CLANG_WARN_DOCUMENTATION_COMMENTS = YES;
				CLANG_WARN_EMPTY_BODY = YES;
				CLANG_WARN_ENUM_CONVERSION = YES;
				CLANG_WARN_INFINITE_RECURSION = YES;
				CLANG_WARN_INT_CONVERSION = YES;
				CLANG_WARN_NON_LITERAL_NULL_CONVERSION = YES;
				CLANG_WARN_OBJC_IMPLICIT_RETAIN_SELF = YES;
				CLANG_WARN_OBJC_LITERAL_CONVERSION = YES;
				CLANG_WARN_OBJC_ROOT_CLASS = YES_ERROR;
				CLANG_WARN_RANGE_LOOP_ANALYSIS = YES;
				CLANG_WARN_STRICT_PROTOTYPES = YES;
				CLANG_WARN_SUSPICIOUS_MOVE = YES;
				CLANG_WARN_UNGUARDED_AVAILABILITY = YES_AGGRESSIVE;
				CLANG_WARN_UNREACHABLE_CODE = YES;
				CLANG_WARN__DUPLICATE_METHOD_MATCH = YES;
				COPY_PHASE_STRIP = NO;
				DEBUG_INFORMATION_FORMAT = dwarf;
				ENABLE_STRICT_OBJC_MSGSEND = YES;
				ENABLE_TESTABILITY = YES;
				GCC_C_LANGUAGE_STANDARD = gnu11;
				GCC_DYNAMIC_NO_PIC = NO;
				GCC_NO_COMMON_BLOCKS = YES;
				GCC_OPTIMIZATION_LEVEL = 0;
				GCC_PREPROCESSOR_DEFINITIONS = (
					"DEBUG=1",
					"$(inherited)",
				);
				GCC_WARN_64_TO_32_BIT_CONVERSION = YES;
				GCC_WARN_ABOUT_RETURN_TYPE = YES_ERROR;
				GCC_WARN_UNDECLARED_SELECTOR = YES;
				GCC_WARN_UNINITIALIZED_AUTOS = YES_AGGRESSIVE;
				GCC_WARN_UNUSED_FUNCTION = YES;
				GCC_WARN_UNUSED_VARIABLE = YES;
				IPHONEOS_DEPLOYMENT_TARGET = 13.2;
				MTL_ENABLE_DEBUG_INFO = INCLUDE_SOURCE;
				MTL_FAST_MATH = YES;
				ONLY_ACTIVE_ARCH = YES;
				SDKROOT = iphoneos;
				SWIFT_ACTIVE_COMPILATION_CONDITIONS = DEBUG;
				SWIFT_OPTIMIZATION_LEVEL = "-Onone";
			};
			name = Debug;
		};
		9CF1868F23E435540034A3CF /* Release */ = {
			isa = XCBuildConfiguration;
			buildSettings = {
				ALWAYS_SEARCH_USER_PATHS = NO;
				CLANG_ANALYZER_NONNULL = YES;
				CLANG_ANALYZER_NUMBER_OBJECT_CONVERSION = YES_AGGRESSIVE;
				CLANG_CXX_LANGUAGE_STANDARD = "gnu++14";
				CLANG_CXX_LIBRARY = "libc++";
				CLANG_ENABLE_MODULES = YES;
				CLANG_ENABLE_OBJC_ARC = YES;
				CLANG_ENABLE_OBJC_WEAK = YES;
				CLANG_WARN_BLOCK_CAPTURE_AUTORELEASING = YES;
				CLANG_WARN_BOOL_CONVERSION = YES;
				CLANG_WARN_COMMA = YES;
				CLANG_WARN_CONSTANT_CONVERSION = YES;
				CLANG_WARN_DEPRECATED_OBJC_IMPLEMENTATIONS = YES;
				CLANG_WARN_DIRECT_OBJC_ISA_USAGE = YES_ERROR;
				CLANG_WARN_DOCUMENTATION_COMMENTS = YES;
				CLANG_WARN_EMPTY_BODY = YES;
				CLANG_WARN_ENUM_CONVERSION = YES;
				CLANG_WARN_INFINITE_RECURSION = YES;
				CLANG_WARN_INT_CONVERSION = YES;
				CLANG_WARN_NON_LITERAL_NULL_CONVERSION = YES;
				CLANG_WARN_OBJC_IMPLICIT_RETAIN_SELF = YES;
				CLANG_WARN_OBJC_LITERAL_CONVERSION = YES;
				CLANG_WARN_OBJC_ROOT_CLASS = YES_ERROR;
				CLANG_WARN_RANGE_LOOP_ANALYSIS = YES;
				CLANG_WARN_STRICT_PROTOTYPES = YES;
				CLANG_WARN_SUSPICIOUS_MOVE = YES;
				CLANG_WARN_UNGUARDED_AVAILABILITY = YES_AGGRESSIVE;
				CLANG_WARN_UNREACHABLE_CODE = YES;
				CLANG_WARN__DUPLICATE_METHOD_MATCH = YES;
				COPY_PHASE_STRIP = NO;
				DEBUG_INFORMATION_FORMAT = "dwarf-with-dsym";
				ENABLE_NS_ASSERTIONS = NO;
				ENABLE_STRICT_OBJC_MSGSEND = YES;
				GCC_C_LANGUAGE_STANDARD = gnu11;
				GCC_NO_COMMON_BLOCKS = YES;
				GCC_WARN_64_TO_32_BIT_CONVERSION = YES;
				GCC_WARN_ABOUT_RETURN_TYPE = YES_ERROR;
				GCC_WARN_UNDECLARED_SELECTOR = YES;
				GCC_WARN_UNINITIALIZED_AUTOS = YES_AGGRESSIVE;
				GCC_WARN_UNUSED_FUNCTION = YES;
				GCC_WARN_UNUSED_VARIABLE = YES;
				IPHONEOS_DEPLOYMENT_TARGET = 13.2;
				MTL_ENABLE_DEBUG_INFO = NO;
				MTL_FAST_MATH = YES;
				SDKROOT = iphoneos;
				SWIFT_COMPILATION_MODE = wholemodule;
				SWIFT_OPTIMIZATION_LEVEL = "-O";
				VALIDATE_PRODUCT = YES;
			};
			name = Release;
		};
		9CF1869123E435540034A3CF /* Debug */ = {
			isa = XCBuildConfiguration;
			buildSettings = {
				ASSETCATALOG_COMPILER_APPICON_NAME = AppIcon;
				CODE_SIGN_IDENTITY = "iPhone Developer";
				CODE_SIGN_STYLE = Manual;
				DEVELOPMENT_TEAM = L37UQ6NGZG;
				INFOPLIST_FILE = PizzaClassifier/Info.plist;
				IPHONEOS_DEPLOYMENT_TARGET = 13.0;
				LD_RUNPATH_SEARCH_PATHS = (
					"$(inherited)",
					"@executable_path/Frameworks",
				);
				PRODUCT_BUNDLE_IDENTIFIER = com.antoniochiappetta.pizzaclassifier;
				PRODUCT_NAME = "$(TARGET_NAME)";
				PROVISIONING_PROFILE_SPECIFIER = "Pizza Classifier - dev";
				SWIFT_VERSION = 5.0;
				TARGETED_DEVICE_FAMILY = "1,2";
			};
			name = Debug;
		};
		9CF1869223E435540034A3CF /* Release */ = {
			isa = XCBuildConfiguration;
			buildSettings = {
				ASSETCATALOG_COMPILER_APPICON_NAME = AppIcon;
				CODE_SIGN_IDENTITY = "iPhone Distribution";
				CODE_SIGN_STYLE = Manual;
				DEVELOPMENT_TEAM = L37UQ6NGZG;
				INFOPLIST_FILE = PizzaClassifier/Info.plist;
				IPHONEOS_DEPLOYMENT_TARGET = 13.0;
				LD_RUNPATH_SEARCH_PATHS = (
					"$(inherited)",
					"@executable_path/Frameworks",
				);
				PRODUCT_BUNDLE_IDENTIFIER = com.antoniochiappetta.pizzaclassifier;
				PRODUCT_NAME = "$(TARGET_NAME)";
				PROVISIONING_PROFILE_SPECIFIER = "Pizza Classifier - distrib";
				SWIFT_VERSION = 5.0;
				TARGETED_DEVICE_FAMILY = "1,2";
			};
			name = Release;
		};
/* End XCBuildConfiguration section */

/* Begin XCConfigurationList section */
		9CF1867723E435520034A3CF /* Build configuration list for PBXProject "PizzaClassifier" */ = {
			isa = XCConfigurationList;
			buildConfigurations = (
				9CF1868E23E435540034A3CF /* Debug */,
				9CF1868F23E435540034A3CF /* Release */,
			);
			defaultConfigurationIsVisible = 0;
			defaultConfigurationName = Release;
		};
		9CF1869023E435540034A3CF /* Build configuration list for PBXNativeTarget "PizzaClassifier" */ = {
			isa = XCConfigurationList;
			buildConfigurations = (
				9CF1869123E435540034A3CF /* Debug */,
				9CF1869223E435540034A3CF /* Release */,
			);
			defaultConfigurationIsVisible = 0;
			defaultConfigurationName = Release;
		};
/* End XCConfigurationList section */
	};
	rootObject = 9CF1867423E435520034A3CF /* Project object */;
}
